# This file is automatically @generated by Poetry 2.4.1 and should not be changed by hand.

[[package]]
name = "mutagen"
version = "1.48.1"
description = "read and write audio tags for many formats"
optional = false
python-versions = "<4,>=3.10"
groups = ["main"]
files = [
    {file = "mutagen-1.48.1-py3-none-any.whl", hash = "sha256:4f077fe87d3fc7fba259aa63d8c026b18382ca6a42ef37c61e16f1b1b5b82fe7"},
    {file = "mutagen-1.48.1.tar.gz", hash = "sha256:8f95637ab9f6f305cec6bd1294e197debe207998e3e068596563c74f86b0a173"},
]

[metadata]
lock-version = "2.1"
python-versions = ">=3.11,<4"
content-hash = "d543a24b989d7debb144b2cdd44367a8ebc32e8fa2ec328f3ee2601d9a50d120"
